
Microsoft Visual Studio Solution File, Format Version 12.00
# Visual Studio Version 17
VisualStudioVersion = 17.14.36623.8
MinimumVisualStudioVersion = 10.0.40219.1
Project("{FAE04EC0-301F-11D3-BF4B-00C04F79EFBC}") = "FinanceManager", "FinanceManager\FinanceManager.csproj", "{265FA94A-3EF0-47EF-913D-B1A77E48F993}"
EndProject
Project("{FAE04EC0-301F-11D3-BF4B-00C04F79EFBC}") = "FinanceModel", "FinanceModel\FinanceModel.csproj", "{D28ECF08-E6C9-4226-BA65-D668908B63E1}"
EndProject
Project("{2150E333-8FDC-42A3-9474-1A3956D46DE8}") = "docs", "docs", "{36D591C7-65C7-A0D1-1CBC-10CDE441BDC8}"
	ProjectSection(SolutionItems) = preProject
		README.md = README.md
	EndProjectSection
EndProject
Project("{2150E333-8FDC-42A3-9474-1A3956D46DE8}") = "ExampleFile", "ExampleFile", "{3328A541-05FD-4103-BAFE-D8F9EE7BFB26}"
	ProjectSection(SolutionItems) = preProject
		example.csv = example.csv
		example.json = example.json
	EndProjectSection
EndProject
Global
	GlobalSection(SolutionConfigurationPlatforms) = preSolution
		Debug|Any CPU = Debug|Any CPU
		Release|Any CPU = Release|Any CPU
	EndGlobalSection
	GlobalSection(ProjectConfigurationPlatforms) = postSolution
		{265FA94A-3EF0-47EF-913D-B1A77E48F993}.Debug|Any CPU.ActiveCfg = Debug|Any CPU
		{265FA94A-3EF0-47EF-913D-B1A77E48F993}.Debug|Any CPU.Build.0 = Debug|Any CPU
		{265FA94A-3EF0-47EF-913D-B1A77E48F993}.Release|Any CPU.ActiveCfg = Release|Any CPU
		{265FA94A-3EF0-47EF-913D-B1A77E48F993}.Release|Any CPU.Build.0 = Release|Any CPU
		{D28ECF08-E6C9-4226-BA65-D668908B63E1}.Debug|Any CPU.ActiveCfg = Debug|Any CPU
		{D28ECF08-E6C9-4226-BA65-D668908B63E1}.Debug|Any CPU.Build.0 = Debug|Any CPU
		{D28ECF08-E6C9-4226-BA65-D668908B63E1}.Release|Any CPU.ActiveCfg = Release|Any CPU
		{D28ECF08-E6C9-4226-BA65-D668908B63E1}.Release|Any CPU.Build.0 = Release|Any CPU
	EndGlobalSection
	GlobalSection(SolutionProperties) = preSolution
		HideSolutionNode = FALSE
	EndGlobalSection
	GlobalSection(ExtensibilityGlobals) = postSolution
		SolutionGuid = {171A9586-B3DC-41AC-9CE3-6C25E28BB6D0}
	EndGlobalSection
EndGlobal
